
Microsoft Visual Studio Solution File, Format Version 12.00
# Visual Studio Version 16
VisualStudioVersion = 16.0.30516.212
MinimumVisualStudioVersion = 10.0.40219.1
Project("{FAE04EC0-301F-11D3-BF4B-00C04F79EFBC}") = "sqlite", "sqlite\sqlite.csproj", "{C4ECA6B1-6EDF-4845-A0E2-2BC7FE2EDC47}"
EndProject
Global
	GlobalSection(SolutionConfigurationPlatforms) = preSolution
		Debug|Any CPU = Debug|Any CPU
		Release|Any CPU = Release|Any CPU
	EndGlobalSection
	GlobalSection(ProjectConfigurationPlatforms) = postSolution
		{C4ECA6B1-6EDF-4845-A0E2-2BC7FE2EDC47}.Debug|Any CPU.ActiveCfg = Debug|Any CPU
		{C4ECA6B1-6EDF-4845-A0E2-2BC7FE2EDC47}.Debug|Any CPU.Build.0 = Debug|Any CPU
		{C4ECA6B1-6EDF-4845-A0E2-2BC7FE2EDC47}.Debug|Any CPU.Deploy.0 = Debug|Any CPU
		{C4ECA6B1-6EDF-4845-A0E2-2BC7FE2EDC47}.Release|Any CPU.ActiveCfg = Release|Any CPU
		{C4ECA6B1-6EDF-4845-A0E2-2BC7FE2EDC47}.Release|Any CPU.Build.0 = Release|Any CPU
		{C4ECA6B1-6EDF-4845-A0E2-2BC7FE2EDC47}.Release|Any CPU.Deploy.0 = Release|Any CPU
	EndGlobalSection
	GlobalSection(SolutionProperties) = preSolution
		HideSolutionNode = FALSE
	EndGlobalSection
	GlobalSection(ExtensibilityGlobals) = postSolution
		SolutionGuid = {E1C305B2-3287-4857-A845-55646E2C419E}
	EndGlobalSection
EndGlobal
